
Microsoft Visual Studio Solution File, Format Version 12.00
# Visual Studio 15
VisualStudioVersion = 15.0.26228.4
MinimumVisualStudioVersion = 10.0.40219.1
Project("{FAE04EC0-301F-11D3-BF4B-00C04F79EFBC}") = "operacje_na_tekstach", "operacje_na_tekstach\operacje_na_tekstach.csproj", "{4D6BCAFC-C50C-4950-A208-4757D95125CE}"
EndProject
Global
	GlobalSection(SolutionConfigurationPlatforms) = preSolution
		Debug|Any CPU = Debug|Any CPU
		Release|Any CPU = Release|Any CPU
	EndGlobalSection
	GlobalSection(ProjectConfigurationPlatforms) = postSolution
		{4D6BCAFC-C50C-4950-A208-4757D95125CE}.Debug|Any CPU.ActiveCfg = Debug|Any CPU
		{4D6BCAFC-C50C-4950-A208-4757D95125CE}.Debug|Any CPU.Build.0 = Debug|Any CPU
		{4D6BCAFC-C50C-4950-A208-4757D95125CE}.Release|Any CPU.ActiveCfg = Release|Any CPU
		{4D6BCAFC-C50C-4950-A208-4757D95125CE}.Release|Any CPU.Build.0 = Release|Any CPU
	EndGlobalSection
	GlobalSection(SolutionProperties) = preSolution
		HideSolutionNode = FALSE
	EndGlobalSection
EndGlobal
